
Microsoft Visual Studio Solution File, Format Version 12.00
# Visual Studio Version 17
VisualStudioVersion = 17.11.35312.102
MinimumVisualStudioVersion = 10.0.40219.1
Project("{FAE04EC0-301F-11D3-BF4B-00C04F79EFBC}") = "BmiCalculatorTask5", "BmiCalculatorTask5\BmiCalculatorTask5.csproj", "{860FAEFE-D817-4673-B9D5-D9C64A825AB1}"
EndProject
Global
	GlobalSection(SolutionConfigurationPlatforms) = preSolution
		Debug|Any CPU = Debug|Any CPU
		Release|Any CPU = Release|Any CPU
	EndGlobalSection
	GlobalSection(ProjectConfigurationPlatforms) = postSolution
		{860FAEFE-D817-4673-B9D5-D9C64A825AB1}.Debug|Any CPU.ActiveCfg = Debug|Any CPU
		{860FAEFE-D817-4673-B9D5-D9C64A825AB1}.Debug|Any CPU.Build.0 = Debug|Any CPU
		{860FAEFE-D817-4673-B9D5-D9C64A825AB1}.Release|Any CPU.ActiveCfg = Release|Any CPU
		{860FAEFE-D817-4673-B9D5-D9C64A825AB1}.Release|Any CPU.Build.0 = Release|Any CPU
	EndGlobalSection
	GlobalSection(SolutionProperties) = preSolution
		HideSolutionNode = FALSE
	EndGlobalSection
	GlobalSection(ExtensibilityGlobals) = postSolution
		SolutionGuid = {07533579-2720-412E-A38A-0F5DF9651C47}
	EndGlobalSection
EndGlobal
