Microsoft Visual Studio Solution File, Format Version 12.00
# Visual Studio Version 17
VisualStudioVersion = 17.13.35828.75
MinimumVisualStudioVersion = 10.0.40219.1
Project("{FAE04EC0-301F-11D3-BF4B-00C04F79EFBC}") = "Zh_First", "Zh_First\Zh_First.csproj", "{98155737-4C70-412A-9F03-898ECBEB4F61}"
EndProject
Project("{FAE04EC0-301F-11D3-BF4B-00C04F79EFBC}") = "Zh_Firt_Test", "Zh_Firt_Test\Zh_Firt_Test.csproj", "{44E6F430-26D2-44B2-A4D8-4B75BC61A4D2}"
EndProject
Global
	GlobalSection(SolutionConfigurationPlatforms) = preSolution
		Debug|Any CPU = Debug|Any CPU
		Release|Any CPU = Release|Any CPU
	EndGlobalSection
	GlobalSection(ProjectConfigurationPlatforms) = postSolution
		{98155737-4C70-412A-9F03-898ECBEB4F61}.Debug|Any CPU.ActiveCfg = Debug|Any CPU
		{98155737-4C70-412A-9F03-898ECBEB4F61}.Debug|Any CPU.Build.0 = Debug|Any CPU
		{98155737-4C70-412A-9F03-898ECBEB4F61}.Release|Any CPU.ActiveCfg = Release|Any CPU
		{98155737-4C70-412A-9F03-898ECBEB4F61}.Release|Any CPU.Build.0 = Release|Any CPU
		{44E6F430-26D2-44B2-A4D8-4B75BC61A4D2}.Debug|Any CPU.ActiveCfg = Debug|Any CPU
		{44E6F430-26D2-44B2-A4D8-4B75BC61A4D2}.Debug|Any CPU.Build.0 = Debug|Any CPU
		{44E6F430-26D2-44B2-A4D8-4B75BC61A4D2}.Release|Any CPU.ActiveCfg = Release|Any CPU
		{44E6F430-26D2-44B2-A4D8-4B75BC61A4D2}.Release|Any CPU.Build.0 = Release|Any CPU
	EndGlobalSection
	GlobalSection(SolutionProperties) = preSolution
		HideSolutionNode = FALSE
	EndGlobalSection
	GlobalSection(ExtensibilityGlobals) = postSolution
		SolutionGuid = {D50ACEF8-868F-427A-ACDD-2FD1C2C3DE65}
	EndGlobalSection
EndGlobal
