
Microsoft Visual Studio Solution File, Format Version 12.00
# Visual Studio Version 17
VisualStudioVersion = 17.11.35431.28
MinimumVisualStudioVersion = 10.0.40219.1
Project("{FAE04EC0-301F-11D3-BF4B-00C04F79EFBC}") = "PMPHF012_D0JE27", "PMPHF012_D0JE27\PMPHF012_D0JE27.csproj", "{891D4FDB-5322-4104-A590-E477765B20DD}"
EndProject
Global
	GlobalSection(SolutionConfigurationPlatforms) = preSolution
		Debug|Any CPU = Debug|Any CPU
		Release|Any CPU = Release|Any CPU
	EndGlobalSection
	GlobalSection(ProjectConfigurationPlatforms) = postSolution
		{891D4FDB-5322-4104-A590-E477765B20DD}.Debug|Any CPU.ActiveCfg = Debug|Any CPU
		{891D4FDB-5322-4104-A590-E477765B20DD}.Debug|Any CPU.Build.0 = Debug|Any CPU
		{891D4FDB-5322-4104-A590-E477765B20DD}.Release|Any CPU.ActiveCfg = Release|Any CPU
		{891D4FDB-5322-4104-A590-E477765B20DD}.Release|Any CPU.Build.0 = Release|Any CPU
	EndGlobalSection
	GlobalSection(SolutionProperties) = preSolution
		HideSolutionNode = FALSE
	EndGlobalSection
	GlobalSection(ExtensibilityGlobals) = postSolution
		SolutionGuid = {D2232A52-9E99-457A-93A8-A3CCDC1E84A0}
	EndGlobalSection
EndGlobal
