
Microsoft Visual Studio Solution File, Format Version 12.00
# Visual Studio Version 17
VisualStudioVersion = 17.11.35312.102
MinimumVisualStudioVersion = 10.0.40219.1
Project("{FAE04EC0-301F-11D3-BF4B-00C04F79EFBC}") = "UserPasswordTask8", "UserPasswordTask8\UserPasswordTask8.csproj", "{E91BC626-6CCE-4B10-842F-60FDF631AD4F}"
EndProject
Global
	GlobalSection(SolutionConfigurationPlatforms) = preSolution
		Debug|Any CPU = Debug|Any CPU
		Release|Any CPU = Release|Any CPU
	EndGlobalSection
	GlobalSection(ProjectConfigurationPlatforms) = postSolution
		{E91BC626-6CCE-4B10-842F-60FDF631AD4F}.Debug|Any CPU.ActiveCfg = Debug|Any CPU
		{E91BC626-6CCE-4B10-842F-60FDF631AD4F}.Debug|Any CPU.Build.0 = Debug|Any CPU
		{E91BC626-6CCE-4B10-842F-60FDF631AD4F}.Release|Any CPU.ActiveCfg = Release|Any CPU
		{E91BC626-6CCE-4B10-842F-60FDF631AD4F}.Release|Any CPU.Build.0 = Release|Any CPU
	EndGlobalSection
	GlobalSection(SolutionProperties) = preSolution
		HideSolutionNode = FALSE
	EndGlobalSection
	GlobalSection(ExtensibilityGlobals) = postSolution
		SolutionGuid = {EDA88140-5451-4866-A3CD-5D19EA88DC6C}
	EndGlobalSection
EndGlobal
