Microsoft Visual Studio Solution File, Format Version 12.00
# Visual Studio Version 17
VisualStudioVersion = 17.13.35931.197
MinimumVisualStudioVersion = 10.0.40219.1
Project("{FAE04EC0-301F-11D3-BF4B-00C04F79EFBC}") = "ZhPractice2", "ZhPractice2\ZhPractice2.csproj", "{1323D665-B569-4277-8DFB-44E40C28F648}"
EndProject
Project("{FAE04EC0-301F-11D3-BF4B-00C04F79EFBC}") = "ZhPractice2Test", "ZhPractice2Test\ZhPractice2Test.csproj", "{E6F01D7A-A453-48FA-893C-CD6863193079}"
EndProject
Global
	GlobalSection(SolutionConfigurationPlatforms) = preSolution
		Debug|Any CPU = Debug|Any CPU
		Release|Any CPU = Release|Any CPU
	EndGlobalSection
	GlobalSection(ProjectConfigurationPlatforms) = postSolution
		{1323D665-B569-4277-8DFB-44E40C28F648}.Debug|Any CPU.ActiveCfg = Debug|Any CPU
		{1323D665-B569-4277-8DFB-44E40C28F648}.Debug|Any CPU.Build.0 = Debug|Any CPU
		{1323D665-B569-4277-8DFB-44E40C28F648}.Release|Any CPU.ActiveCfg = Release|Any CPU
		{1323D665-B569-4277-8DFB-44E40C28F648}.Release|Any CPU.Build.0 = Release|Any CPU
		{E6F01D7A-A453-48FA-893C-CD6863193079}.Debug|Any CPU.ActiveCfg = Debug|Any CPU
		{E6F01D7A-A453-48FA-893C-CD6863193079}.Debug|Any CPU.Build.0 = Debug|Any CPU
		{E6F01D7A-A453-48FA-893C-CD6863193079}.Release|Any CPU.ActiveCfg = Release|Any CPU
		{E6F01D7A-A453-48FA-893C-CD6863193079}.Release|Any CPU.Build.0 = Release|Any CPU
	EndGlobalSection
	GlobalSection(SolutionProperties) = preSolution
		HideSolutionNode = FALSE
	EndGlobalSection
	GlobalSection(ExtensibilityGlobals) = postSolution
		SolutionGuid = {2F03AE3F-4804-487C-9BDC-7678F280575A}
	EndGlobalSection
EndGlobal
