Microsoft Visual Studio Solution File, Format Version 12.00
# Visual Studio Version 17
VisualStudioVersion = 17.13.35931.197
MinimumVisualStudioVersion = 10.0.40219.1
Project("{FAE04EC0-301F-11D3-BF4B-00C04F79EFBC}") = "ZH2Practice", "ZH2Practice\ZH2Practice.csproj", "{C240F590-221F-44DC-8369-75B4C2ED94DC}"
EndProject
Project("{FAE04EC0-301F-11D3-BF4B-00C04F79EFBC}") = "ZH2_UnitTest", "ZH2_UnitTest\ZH2_UnitTest.csproj", "{7C872916-ADDA-4E1C-8B7A-12464FA6B0AA}"
EndProject
Global
	GlobalSection(SolutionConfigurationPlatforms) = preSolution
		Debug|Any CPU = Debug|Any CPU
		Release|Any CPU = Release|Any CPU
	EndGlobalSection
	GlobalSection(ProjectConfigurationPlatforms) = postSolution
		{C240F590-221F-44DC-8369-75B4C2ED94DC}.Debug|Any CPU.ActiveCfg = Debug|Any CPU
		{C240F590-221F-44DC-8369-75B4C2ED94DC}.Debug|Any CPU.Build.0 = Debug|Any CPU
		{C240F590-221F-44DC-8369-75B4C2ED94DC}.Release|Any CPU.ActiveCfg = Release|Any CPU
		{C240F590-221F-44DC-8369-75B4C2ED94DC}.Release|Any CPU.Build.0 = Release|Any CPU
		{7C872916-ADDA-4E1C-8B7A-12464FA6B0AA}.Debug|Any CPU.ActiveCfg = Debug|Any CPU
		{7C872916-ADDA-4E1C-8B7A-12464FA6B0AA}.Debug|Any CPU.Build.0 = Debug|Any CPU
		{7C872916-ADDA-4E1C-8B7A-12464FA6B0AA}.Release|Any CPU.ActiveCfg = Release|Any CPU
		{7C872916-ADDA-4E1C-8B7A-12464FA6B0AA}.Release|Any CPU.Build.0 = Release|Any CPU
	EndGlobalSection
	GlobalSection(SolutionProperties) = preSolution
		HideSolutionNode = FALSE
	EndGlobalSection
	GlobalSection(ExtensibilityGlobals) = postSolution
		SolutionGuid = {FAD5E1F8-0DD7-4BCE-BC49-B72694997C40}
	EndGlobalSection
EndGlobal
