
Microsoft Visual Studio Solution File, Format Version 12.00
# Visual Studio Version 17
VisualStudioVersion = 17.11.35312.102
MinimumVisualStudioVersion = 10.0.40219.1
Project("{FAE04EC0-301F-11D3-BF4B-00C04F79EFBC}") = "FactoralTask7", "FactoralTask7\FactoralTask7.csproj", "{91907D4F-1322-4015-B1A8-285EC707277B}"
EndProject
Global
	GlobalSection(SolutionConfigurationPlatforms) = preSolution
		Debug|Any CPU = Debug|Any CPU
		Release|Any CPU = Release|Any CPU
	EndGlobalSection
	GlobalSection(ProjectConfigurationPlatforms) = postSolution
		{91907D4F-1322-4015-B1A8-285EC707277B}.Debug|Any CPU.ActiveCfg = Debug|Any CPU
		{91907D4F-1322-4015-B1A8-285EC707277B}.Debug|Any CPU.Build.0 = Debug|Any CPU
		{91907D4F-1322-4015-B1A8-285EC707277B}.Release|Any CPU.ActiveCfg = Release|Any CPU
		{91907D4F-1322-4015-B1A8-285EC707277B}.Release|Any CPU.Build.0 = Release|Any CPU
	EndGlobalSection
	GlobalSection(SolutionProperties) = preSolution
		HideSolutionNode = FALSE
	EndGlobalSection
	GlobalSection(ExtensibilityGlobals) = postSolution
		SolutionGuid = {6D0AEE41-D600-4549-B778-DE5D775857E7}
	EndGlobalSection
EndGlobal
