Microsoft Visual Studio Solution File, Format Version 12.00
# Visual Studio Version 17
VisualStudioVersion = 17.13.35828.75
MinimumVisualStudioVersion = 10.0.40219.1
Project("{FAE04EC0-301F-11D3-BF4B-00C04F79EFBC}") = "Task5", "Task5.csproj", "{DDC9420D-81AC-467A-9E33-C3FCC73D919A}"
EndProject
Project("{FAE04EC0-301F-11D3-BF4B-00C04F79EFBC}") = "Task5_Test", "..\Task5_Test\Task5_Test.csproj", "{F0885581-4BCC-75CE-72AF-A20B37A03554}"
EndProject
Global
	GlobalSection(SolutionConfigurationPlatforms) = preSolution
		Debug|Any CPU = Debug|Any CPU
		Release|Any CPU = Release|Any CPU
	EndGlobalSection
	GlobalSection(ProjectConfigurationPlatforms) = postSolution
		{DDC9420D-81AC-467A-9E33-C3FCC73D919A}.Debug|Any CPU.ActiveCfg = Debug|Any CPU
		{DDC9420D-81AC-467A-9E33-C3FCC73D919A}.Debug|Any CPU.Build.0 = Debug|Any CPU
		{DDC9420D-81AC-467A-9E33-C3FCC73D919A}.Release|Any CPU.ActiveCfg = Release|Any CPU
		{DDC9420D-81AC-467A-9E33-C3FCC73D919A}.Release|Any CPU.Build.0 = Release|Any CPU
		{F0885581-4BCC-75CE-72AF-A20B37A03554}.Debug|Any CPU.ActiveCfg = Debug|Any CPU
		{F0885581-4BCC-75CE-72AF-A20B37A03554}.Debug|Any CPU.Build.0 = Debug|Any CPU
		{F0885581-4BCC-75CE-72AF-A20B37A03554}.Release|Any CPU.ActiveCfg = Release|Any CPU
		{F0885581-4BCC-75CE-72AF-A20B37A03554}.Release|Any CPU.Build.0 = Release|Any CPU
	EndGlobalSection
	GlobalSection(SolutionProperties) = preSolution
		HideSolutionNode = FALSE
	EndGlobalSection
	GlobalSection(ExtensibilityGlobals) = postSolution
		SolutionGuid = {9B766D27-35B8-4691-BC7A-DF531599C5B9}
	EndGlobalSection
EndGlobal
