
Microsoft Visual Studio Solution File, Format Version 12.00
# Visual Studio Version 17
VisualStudioVersion = 17.11.35312.102
MinimumVisualStudioVersion = 10.0.40219.1
Project("{FAE04EC0-301F-11D3-BF4B-00C04F79EFBC}") = "DivisorCourtTask6", "DivisorCourtTask6\DivisorCourtTask6.csproj", "{AC36CEF7-69F5-4A34-AFB2-208A83F063F5}"
EndProject
Global
	GlobalSection(SolutionConfigurationPlatforms) = preSolution
		Debug|Any CPU = Debug|Any CPU
		Release|Any CPU = Release|Any CPU
	EndGlobalSection
	GlobalSection(ProjectConfigurationPlatforms) = postSolution
		{AC36CEF7-69F5-4A34-AFB2-208A83F063F5}.Debug|Any CPU.ActiveCfg = Debug|Any CPU
		{AC36CEF7-69F5-4A34-AFB2-208A83F063F5}.Debug|Any CPU.Build.0 = Debug|Any CPU
		{AC36CEF7-69F5-4A34-AFB2-208A83F063F5}.Release|Any CPU.ActiveCfg = Release|Any CPU
		{AC36CEF7-69F5-4A34-AFB2-208A83F063F5}.Release|Any CPU.Build.0 = Release|Any CPU
	EndGlobalSection
	GlobalSection(SolutionProperties) = preSolution
		HideSolutionNode = FALSE
	EndGlobalSection
	GlobalSection(ExtensibilityGlobals) = postSolution
		SolutionGuid = {42E64E97-2374-4EF5-845B-C8BD2EFF3EAC}
	EndGlobalSection
EndGlobal
